
Microsoft Visual Studio Solution File, Format Version 12.00
# Visual Studio 2013
VisualStudioVersion = 12.0.21005.1
MinimumVisualStudioVersion = 10.0.40219.1
Project("{FAE04EC0-301F-11D3-BF4B-00C04F79EFBC}") = "CrazyCart", "CrazyCart\CrazyCart.csproj", "{B368FE38-F2B7-4C57-8A0E-7CA36482907F}"
EndProject
Project("{FAE04EC0-301F-11D3-BF4B-00C04F79EFBC}") = "CrazyCartTests", "CrazyCart.Tests\CrazyCartTests.csproj", "{D27E15FD-C06A-4A5C-9B11-5759AF677A79}"
EndProject
Project("{FAE04EC0-301F-11D3-BF4B-00C04F79EFBC}") = "CrazyCartServiceContracts", "CrazyCartServiceContracts\CrazyCartServiceContracts.csproj", "{D0A09AF0-DAA3-4310-9398-9CF0B8C7005E}"
EndProject
Project("{FAE04EC0-301F-11D3-BF4B-00C04F79EFBC}") = "CrazyCartDomain", "CrazyCartDomain\CrazyCartDomain.csproj", "{540C7452-09E6-4901-A1B9-DE28DE776BF4}"
EndProject
Project("{FAE04EC0-301F-11D3-BF4B-00C04F79EFBC}") = "CrazyCartServiceImplementations", "CrazyCartServiceImplementations\CrazyCartServiceImplementations.csproj", "{BBC9AEC7-01AD-4A4A-B828-4A669F0EACD2}"
EndProject
Global
	GlobalSection(SolutionConfigurationPlatforms) = preSolution
		Debug|Any CPU = Debug|Any CPU
		Release|Any CPU = Release|Any CPU
	EndGlobalSection
	GlobalSection(ProjectConfigurationPlatforms) = postSolution
		{B368FE38-F2B7-4C57-8A0E-7CA36482907F}.Debug|Any CPU.ActiveCfg = Debug|Any CPU
		{B368FE38-F2B7-4C57-8A0E-7CA36482907F}.Debug|Any CPU.Build.0 = Debug|Any CPU
		{B368FE38-F2B7-4C57-8A0E-7CA36482907F}.Release|Any CPU.ActiveCfg = Release|Any CPU
		{B368FE38-F2B7-4C57-8A0E-7CA36482907F}.Release|Any CPU.Build.0 = Release|Any CPU
		{D27E15FD-C06A-4A5C-9B11-5759AF677A79}.Debug|Any CPU.ActiveCfg = Debug|Any CPU
		{D27E15FD-C06A-4A5C-9B11-5759AF677A79}.Debug|Any CPU.Build.0 = Debug|Any CPU
		{D27E15FD-C06A-4A5C-9B11-5759AF677A79}.Release|Any CPU.ActiveCfg = Release|Any CPU
		{D27E15FD-C06A-4A5C-9B11-5759AF677A79}.Release|Any CPU.Build.0 = Release|Any CPU
		{D0A09AF0-DAA3-4310-9398-9CF0B8C7005E}.Debug|Any CPU.ActiveCfg = Debug|Any CPU
		{D0A09AF0-DAA3-4310-9398-9CF0B8C7005E}.Debug|Any CPU.Build.0 = Debug|Any CPU
		{D0A09AF0-DAA3-4310-9398-9CF0B8C7005E}.Release|Any CPU.ActiveCfg = Release|Any CPU
		{D0A09AF0-DAA3-4310-9398-9CF0B8C7005E}.Release|Any CPU.Build.0 = Release|Any CPU
		{540C7452-09E6-4901-A1B9-DE28DE776BF4}.Debug|Any CPU.ActiveCfg = Debug|Any CPU
		{540C7452-09E6-4901-A1B9-DE28DE776BF4}.Debug|Any CPU.Build.0 = Debug|Any CPU
		{540C7452-09E6-4901-A1B9-DE28DE776BF4}.Release|Any CPU.ActiveCfg = Release|Any CPU
		{540C7452-09E6-4901-A1B9-DE28DE776BF4}.Release|Any CPU.Build.0 = Release|Any CPU
		{BBC9AEC7-01AD-4A4A-B828-4A669F0EACD2}.Debug|Any CPU.ActiveCfg = Debug|Any CPU
		{BBC9AEC7-01AD-4A4A-B828-4A669F0EACD2}.Debug|Any CPU.Build.0 = Debug|Any CPU
		{BBC9AEC7-01AD-4A4A-B828-4A669F0EACD2}.Release|Any CPU.ActiveCfg = Release|Any CPU
		{BBC9AEC7-01AD-4A4A-B828-4A669F0EACD2}.Release|Any CPU.Build.0 = Release|Any CPU
	EndGlobalSection
	GlobalSection(SolutionProperties) = preSolution
		HideSolutionNode = FALSE
	EndGlobalSection
EndGlobal
